
Microsoft Visual Studio Solution File, Format Version 12.00
# Visual Studio Version 17
VisualStudioVersion = 17.9.34902.65
MinimumVisualStudioVersion = 10.0.40219.1
Project("{FAE04EC0-301F-11D3-BF4B-00C04F79EFBC}") = "AirAwarePro", "AirAwarePro\AirAwarePro.csproj", "{AF06E07A-77C8-4C8F-9C6B-6C0AECE06A19}"
EndProject
Global
	GlobalSection(SolutionConfigurationPlatforms) = preSolution
		Debug|Any CPU = Debug|Any CPU
		Release|Any CPU = Release|Any CPU
	EndGlobalSection
	GlobalSection(ProjectConfigurationPlatforms) = postSolution
		{AF06E07A-77C8-4C8F-9C6B-6C0AECE06A19}.Debug|Any CPU.ActiveCfg = Debug|Any CPU
		{AF06E07A-77C8-4C8F-9C6B-6C0AECE06A19}.Debug|Any CPU.Build.0 = Debug|Any CPU
		{AF06E07A-77C8-4C8F-9C6B-6C0AECE06A19}.Debug|Any CPU.Deploy.0 = Debug|Any CPU
		{AF06E07A-77C8-4C8F-9C6B-6C0AECE06A19}.Release|Any CPU.ActiveCfg = Release|Any CPU
		{AF06E07A-77C8-4C8F-9C6B-6C0AECE06A19}.Release|Any CPU.Build.0 = Release|Any CPU
		{AF06E07A-77C8-4C8F-9C6B-6C0AECE06A19}.Release|Any CPU.Deploy.0 = Release|Any CPU
	EndGlobalSection
	GlobalSection(SolutionProperties) = preSolution
		HideSolutionNode = FALSE
	EndGlobalSection
	GlobalSection(ExtensibilityGlobals) = postSolution
		SolutionGuid = {2131106B-E954-4602-B74A-14C652489008}
	EndGlobalSection
EndGlobal
